
Microsoft Visual Studio Solution File, Format Version 12.00
# Visual Studio Version 16
VisualStudioVersion = 16.0.30204.135
MinimumVisualStudioVersion = 10.0.40219.1
Project("{FAE04EC0-301F-11D3-BF4B-00C04F79EFBC}") = "Exemplo02", "Exemplo02\Exemplo02.csproj", "{7449C857-68CD-45F7-9FAE-826AD6E6C0F1}"
EndProject
Global
	GlobalSection(SolutionConfigurationPlatforms) = preSolution
		Debug|Any CPU = Debug|Any CPU
		Release|Any CPU = Release|Any CPU
	EndGlobalSection
	GlobalSection(ProjectConfigurationPlatforms) = postSolution
		{7449C857-68CD-45F7-9FAE-826AD6E6C0F1}.Debug|Any CPU.ActiveCfg = Debug|Any CPU
		{7449C857-68CD-45F7-9FAE-826AD6E6C0F1}.Debug|Any CPU.Build.0 = Debug|Any CPU
		{7449C857-68CD-45F7-9FAE-826AD6E6C0F1}.Release|Any CPU.ActiveCfg = Release|Any CPU
		{7449C857-68CD-45F7-9FAE-826AD6E6C0F1}.Release|Any CPU.Build.0 = Release|Any CPU
	EndGlobalSection
	GlobalSection(SolutionProperties) = preSolution
		HideSolutionNode = FALSE
	EndGlobalSection
	GlobalSection(ExtensibilityGlobals) = postSolution
		SolutionGuid = {BB742E68-B111-4A3C-93AB-A26B8B777BFC}
	EndGlobalSection
EndGlobal
