
Microsoft Visual Studio Solution File, Format Version 12.00
# Visual Studio Version 16
VisualStudioVersion = 16.0.31112.23
MinimumVisualStudioVersion = 10.0.40219.1
Project("{FAE04EC0-301F-11D3-BF4B-00C04F79EFBC}") = "CourseConstrutores", "CourseConstrutores\CourseConstrutores.csproj", "{5E1BB3D2-5460-48B2-9842-591DA134482D}"
EndProject
Global
	GlobalSection(SolutionConfigurationPlatforms) = preSolution
		Debug|Any CPU = Debug|Any CPU
		Release|Any CPU = Release|Any CPU
	EndGlobalSection
	GlobalSection(ProjectConfigurationPlatforms) = postSolution
		{5E1BB3D2-5460-48B2-9842-591DA134482D}.Debug|Any CPU.ActiveCfg = Debug|Any CPU
		{5E1BB3D2-5460-48B2-9842-591DA134482D}.Debug|Any CPU.Build.0 = Debug|Any CPU
		{5E1BB3D2-5460-48B2-9842-591DA134482D}.Release|Any CPU.ActiveCfg = Release|Any CPU
		{5E1BB3D2-5460-48B2-9842-591DA134482D}.Release|Any CPU.Build.0 = Release|Any CPU
	EndGlobalSection
	GlobalSection(SolutionProperties) = preSolution
		HideSolutionNode = FALSE
	EndGlobalSection
	GlobalSection(ExtensibilityGlobals) = postSolution
		SolutionGuid = {AA422B76-7E4C-49E6-B613-D8E7F14C0D83}
	EndGlobalSection
EndGlobal
