
Microsoft Visual Studio Solution File, Format Version 12.00
# Visual Studio Version 16
VisualStudioVersion = 16.0.31112.23
MinimumVisualStudioVersion = 10.0.40219.1
Project("{FAE04EC0-301F-11D3-BF4B-00C04F79EFBC}") = "CourseStruct", "CourseStruct\CourseStruct.csproj", "{530CD4EE-1BDC-454A-9266-B3E889FE2A82}"
EndProject
Global
	GlobalSection(SolutionConfigurationPlatforms) = preSolution
		Debug|Any CPU = Debug|Any CPU
		Release|Any CPU = Release|Any CPU
	EndGlobalSection
	GlobalSection(ProjectConfigurationPlatforms) = postSolution
		{530CD4EE-1BDC-454A-9266-B3E889FE2A82}.Debug|Any CPU.ActiveCfg = Debug|Any CPU
		{530CD4EE-1BDC-454A-9266-B3E889FE2A82}.Debug|Any CPU.Build.0 = Debug|Any CPU
		{530CD4EE-1BDC-454A-9266-B3E889FE2A82}.Release|Any CPU.ActiveCfg = Release|Any CPU
		{530CD4EE-1BDC-454A-9266-B3E889FE2A82}.Release|Any CPU.Build.0 = Release|Any CPU
	EndGlobalSection
	GlobalSection(SolutionProperties) = preSolution
		HideSolutionNode = FALSE
	EndGlobalSection
	GlobalSection(ExtensibilityGlobals) = postSolution
		SolutionGuid = {6E12B5EB-54E4-495E-9281-70C451DE2246}
	EndGlobalSection
EndGlobal
