
Microsoft Visual Studio Solution File, Format Version 12.00
# Visual Studio Version 16
VisualStudioVersion = 16.0.31112.23
MinimumVisualStudioVersion = 10.0.40219.1
Project("{FAE04EC0-301F-11D3-BF4B-00C04F79EFBC}") = "CourseMembrosEstaticos", "CourseMembrosEstaticos\CourseMembrosEstaticos.csproj", "{98148017-8EED-48A2-B6F0-72A5A2AABDC6}"
EndProject
Global
	GlobalSection(SolutionConfigurationPlatforms) = preSolution
		Debug|Any CPU = Debug|Any CPU
		Release|Any CPU = Release|Any CPU
	EndGlobalSection
	GlobalSection(ProjectConfigurationPlatforms) = postSolution
		{98148017-8EED-48A2-B6F0-72A5A2AABDC6}.Debug|Any CPU.ActiveCfg = Debug|Any CPU
		{98148017-8EED-48A2-B6F0-72A5A2AABDC6}.Debug|Any CPU.Build.0 = Debug|Any CPU
		{98148017-8EED-48A2-B6F0-72A5A2AABDC6}.Release|Any CPU.ActiveCfg = Release|Any CPU
		{98148017-8EED-48A2-B6F0-72A5A2AABDC6}.Release|Any CPU.Build.0 = Release|Any CPU
	EndGlobalSection
	GlobalSection(SolutionProperties) = preSolution
		HideSolutionNode = FALSE
	EndGlobalSection
	GlobalSection(ExtensibilityGlobals) = postSolution
		SolutionGuid = {B8F78699-4C40-4568-9D14-54DDC3CA926A}
	EndGlobalSection
EndGlobal
