
Microsoft Visual Studio Solution File, Format Version 12.00
# Visual Studio Version 16
VisualStudioVersion = 16.0.31112.23
MinimumVisualStudioVersion = 10.0.40219.1
Project("{FAE04EC0-301F-11D3-BF4B-00C04F79EFBC}") = "CourseNull", "CourseNull\CourseNull.csproj", "{FC380720-A325-437F-B2F8-CB0DC77FA121}"
EndProject
Global
	GlobalSection(SolutionConfigurationPlatforms) = preSolution
		Debug|Any CPU = Debug|Any CPU
		Release|Any CPU = Release|Any CPU
	EndGlobalSection
	GlobalSection(ProjectConfigurationPlatforms) = postSolution
		{FC380720-A325-437F-B2F8-CB0DC77FA121}.Debug|Any CPU.ActiveCfg = Debug|Any CPU
		{FC380720-A325-437F-B2F8-CB0DC77FA121}.Debug|Any CPU.Build.0 = Debug|Any CPU
		{FC380720-A325-437F-B2F8-CB0DC77FA121}.Release|Any CPU.ActiveCfg = Release|Any CPU
		{FC380720-A325-437F-B2F8-CB0DC77FA121}.Release|Any CPU.Build.0 = Release|Any CPU
	EndGlobalSection
	GlobalSection(SolutionProperties) = preSolution
		HideSolutionNode = FALSE
	EndGlobalSection
	GlobalSection(ExtensibilityGlobals) = postSolution
		SolutionGuid = {BCAC6856-3D6F-47F3-B585-DD89AE5C46EB}
	EndGlobalSection
EndGlobal
