
Microsoft Visual Studio Solution File, Format Version 12.00
# Visual Studio Version 16
VisualStudioVersion = 16.0.31112.23
MinimumVisualStudioVersion = 10.0.40219.1
Project("{FAE04EC0-301F-11D3-BF4B-00C04F79EFBC}") = "CourseTernary", "CourseTernary\CourseTernary.csproj", "{2D4FB4C1-CC8D-4B02-AE79-06CCA6C78453}"
EndProject
Global
	GlobalSection(SolutionConfigurationPlatforms) = preSolution
		Debug|Any CPU = Debug|Any CPU
		Release|Any CPU = Release|Any CPU
	EndGlobalSection
	GlobalSection(ProjectConfigurationPlatforms) = postSolution
		{2D4FB4C1-CC8D-4B02-AE79-06CCA6C78453}.Debug|Any CPU.ActiveCfg = Debug|Any CPU
		{2D4FB4C1-CC8D-4B02-AE79-06CCA6C78453}.Debug|Any CPU.Build.0 = Debug|Any CPU
		{2D4FB4C1-CC8D-4B02-AE79-06CCA6C78453}.Release|Any CPU.ActiveCfg = Release|Any CPU
		{2D4FB4C1-CC8D-4B02-AE79-06CCA6C78453}.Release|Any CPU.Build.0 = Release|Any CPU
	EndGlobalSection
	GlobalSection(SolutionProperties) = preSolution
		HideSolutionNode = FALSE
	EndGlobalSection
	GlobalSection(ExtensibilityGlobals) = postSolution
		SolutionGuid = {ACD13765-CEC1-4E82-B06A-0621B2E9CA0E}
	EndGlobalSection
EndGlobal
