
Microsoft Visual Studio Solution File, Format Version 12.00
# Visual Studio Version 16
VisualStudioVersion = 16.0.31112.23
MinimumVisualStudioVersion = 10.0.40219.1
Project("{FAE04EC0-301F-11D3-BF4B-00C04F79EFBC}") = "CourseException", "CourseException\CourseException.csproj", "{D35992CA-ED03-4F96-9D6E-F4AC73EFE977}"
EndProject
Global
	GlobalSection(SolutionConfigurationPlatforms) = preSolution
		Debug|Any CPU = Debug|Any CPU
		Release|Any CPU = Release|Any CPU
	EndGlobalSection
	GlobalSection(ProjectConfigurationPlatforms) = postSolution
		{D35992CA-ED03-4F96-9D6E-F4AC73EFE977}.Debug|Any CPU.ActiveCfg = Debug|Any CPU
		{D35992CA-ED03-4F96-9D6E-F4AC73EFE977}.Debug|Any CPU.Build.0 = Debug|Any CPU
		{D35992CA-ED03-4F96-9D6E-F4AC73EFE977}.Release|Any CPU.ActiveCfg = Release|Any CPU
		{D35992CA-ED03-4F96-9D6E-F4AC73EFE977}.Release|Any CPU.Build.0 = Release|Any CPU
	EndGlobalSection
	GlobalSection(SolutionProperties) = preSolution
		HideSolutionNode = FALSE
	EndGlobalSection
	GlobalSection(ExtensibilityGlobals) = postSolution
		SolutionGuid = {A8D1F2C4-BAF9-4211-8998-532D4767E284}
	EndGlobalSection
EndGlobal
